// !$*UTF8*$!
{
	archiveVersion = 1;
	classes = {
	};
	objectVersion = 50;
	objects = {

/* Begin PBXBuildFile section */
		E120DDDD2654D06400D95D38 /* GameScemeClass.cpp in Sources */ = {isa = PBXBuildFile; fileRef = E120DDDB2654D06400D95D38 /* GameScemeClass.cpp */; };
		E120DDE12654D09E00D95D38 /* Object.cpp in Sources */ = {isa = PBXBuildFile; fileRef = E120DDDF2654D09E00D95D38 /* Object.cpp */; };
		E120DDE52654D29A00D95D38 /* Texture.cpp in Sources */ = {isa = PBXBuildFile; fileRef = E120DDE32654D29A00D95D38 /* Texture.cpp */; };
		E120DDED2654D3A900D95D38 /* ShaderLoadFuncs.cpp in Sources */ = {isa = PBXBuildFile; fileRef = E120DDEB2654D3A900D95D38 /* ShaderLoadFuncs.cpp */; };
		E17F9742260FCADD008B5BBB /* main.cpp in Sources */ = {isa = PBXBuildFile; fileRef = E17F9741260FCADD008B5BBB /* main.cpp */; };
		E181218D2655B6CE003D2444 /* Frame.cpp in Sources */ = {isa = PBXBuildFile; fileRef = E181218B2655B6CE003D2444 /* Frame.cpp */; };
		E1E6E3672654D6E1005176A6 /* WindowClass.cpp in Sources */ = {isa = PBXBuildFile; fileRef = E1E6E3652654D6E1005176A6 /* WindowClass.cpp */; };
/* End PBXBuildFile section */

/* Begin PBXCopyFilesBuildPhase section */
		E17F973C260FCADD008B5BBB /* CopyFiles */ = {
			isa = PBXCopyFilesBuildPhase;
			buildActionMask = 2147483647;
			dstPath = /usr/share/man/man1/;
			dstSubfolderSpec = 0;
			files = (
			);
			runOnlyForDeploymentPostprocessing = 1;
		};
/* End PBXCopyFilesBuildPhase section */

/* Begin PBXFileReference section */
		E120DDD62654CB4A00D95D38 /* adv6.bmp */ = {isa = PBXFileReference; lastKnownFileType = image.bmp; path = adv6.bmp; sourceTree = "<group>"; };
		E120DDD72654CB4A00D95D38 /* adv8.bmp */ = {isa = PBXFileReference; lastKnownFileType = image.bmp; path = adv8.bmp; sourceTree = "<group>"; };
		E120DDD82654CB4A00D95D38 /* adv7.bmp */ = {isa = PBXFileReference; lastKnownFileType = image.bmp; path = adv7.bmp; sourceTree = "<group>"; };
		E120DDDA2654D04200D95D38 /* defineStruct.h */ = {isa = PBXFileReference; lastKnownFileType = sourcecode.c.h; path = defineStruct.h; sourceTree = "<group>"; };
		E120DDDB2654D06400D95D38 /* GameScemeClass.cpp */ = {isa = PBXFileReference; lastKnownFileType = sourcecode.cpp.cpp; path = GameScemeClass.cpp; sourceTree = "<group>"; };
		E120DDDC2654D06400D95D38 /* GameScemeClass.hpp */ = {isa = PBXFileReference; lastKnownFileType = sourcecode.cpp.h; path = GameScemeClass.hpp; sourceTree = "<group>"; };
		E120DDDF2654D09E00D95D38 /* Object.cpp */ = {isa = PBXFileReference; lastKnownFileType = sourcecode.cpp.cpp; path = Object.cpp; sourceTree = "<group>"; };
		E120DDE02654D09E00D95D38 /* Object.hpp */ = {isa = PBXFileReference; lastKnownFileType = sourcecode.cpp.h; path = Object.hpp; sourceTree = "<group>"; };
		E120DDE32654D29A00D95D38 /* Texture.cpp */ = {isa = PBXFileReference; lastKnownFileType = sourcecode.cpp.cpp; path = Texture.cpp; sourceTree = "<group>"; };
		E120DDE42654D29A00D95D38 /* Texture.hpp */ = {isa = PBXFileReference; lastKnownFileType = sourcecode.cpp.h; path = Texture.hpp; sourceTree = "<group>"; };
		E120DDEB2654D3A900D95D38 /* ShaderLoadFuncs.cpp */ = {isa = PBXFileReference; lastKnownFileType = sourcecode.cpp.cpp; path = ShaderLoadFuncs.cpp; sourceTree = "<group>"; };
		E120DDEC2654D3A900D95D38 /* ShaderLoadFuncs.hpp */ = {isa = PBXFileReference; lastKnownFileType = sourcecode.cpp.h; path = ShaderLoadFuncs.hpp; sourceTree = "<group>"; };
		E12FED35261A80E90002FFAB /* adv.bmp */ = {isa = PBXFileReference; lastKnownFileType = image.bmp; path = adv.bmp; sourceTree = "<group>"; };
		E12FED36261A80E90002FFAB /* nekoc32.bmp */ = {isa = PBXFileReference; lastKnownFileType = image.bmp; path = nekoc32.bmp; sourceTree = "<group>"; };
		E147A6C7262139C700484FA2 /* adv1.bmp */ = {isa = PBXFileReference; lastKnownFileType = image.bmp; path = adv1.bmp; sourceTree = "<group>"; };
		E147A6C8262139C700484FA2 /* adv2.bmp */ = {isa = PBXFileReference; lastKnownFileType = image.bmp; path = adv2.bmp; sourceTree = "<group>"; };
		E147A6C9262139C700484FA2 /* adv3.bmp */ = {isa = PBXFileReference; lastKnownFileType = image.bmp; path = adv3.bmp; sourceTree = "<group>"; };
		E1769F6026186F1F00158A6E /* floor.bmp */ = {isa = PBXFileReference; lastKnownFileType = image.bmp; path = floor.bmp; sourceTree = "<group>"; };
		E17F973E260FCADD008B5BBB /* OpenGL_Labyrinth */ = {isa = PBXFileReference; explicitFileType = "compiled.mach-o.executable"; includeInIndex = 0; path = OpenGL_Labyrinth; sourceTree = BUILT_PRODUCTS_DIR; };
		E17F9741260FCADD008B5BBB /* main.cpp */ = {isa = PBXFileReference; lastKnownFileType = sourcecode.cpp.cpp; path = main.cpp; sourceTree = "<group>"; };
		E17F974B260FCE58008B5BBB /* point.vert */ = {isa = PBXFileReference; lastKnownFileType = sourcecode.glsl; path = point.vert; sourceTree = "<group>"; };
		E17F974C260FCE58008B5BBB /* point.frag */ = {isa = PBXFileReference; lastKnownFileType = sourcecode.glsl; path = point.frag; sourceTree = "<group>"; };
		E181218B2655B6CE003D2444 /* Frame.cpp */ = {isa = PBXFileReference; lastKnownFileType = sourcecode.cpp.cpp; path = Frame.cpp; sourceTree = "<group>"; };
		E181218C2655B6CE003D2444 /* Frame.hpp */ = {isa = PBXFileReference; lastKnownFileType = sourcecode.cpp.h; path = Frame.hpp; sourceTree = "<group>"; };
		E1BD845A26528827006A72F0 /* adv4.bmp */ = {isa = PBXFileReference; lastKnownFileType = image.bmp; name = adv4.bmp; path = "../../../迷路素材/adv4.bmp"; sourceTree = "<group>"; };
		E1BD845B26528827006A72F0 /* adv5.bmp */ = {isa = PBXFileReference; lastKnownFileType = image.bmp; name = adv5.bmp; path = "../../../迷路素材/adv5.bmp"; sourceTree = "<group>"; };
		E1CA6DCA265E1A6200D69862 /* .gitignore */ = {isa = PBXFileReference; lastKnownFileType = text; path = .gitignore; sourceTree = "<group>"; };
		E1D3277E261ECCE100CCB9A3 /* macro.h */ = {isa = PBXFileReference; lastKnownFileType = sourcecode.c.h; path = macro.h; sourceTree = "<group>"; };
		E1D32780261EE38F00CCB9A3 /* advVS.vert */ = {isa = PBXFileReference; lastKnownFileType = sourcecode.glsl; path = advVS.vert; sourceTree = "<group>"; };
		E1D32781261EE40700CCB9A3 /* advFS.frag */ = {isa = PBXFileReference; lastKnownFileType = sourcecode.glsl; path = advFS.frag; sourceTree = "<group>"; };
		E1E197702664CA010091E5C9 /* object.vert */ = {isa = PBXFileReference; lastKnownFileType = sourcecode.glsl; path = object.vert; sourceTree = "<group>"; };
		E1E197722664D00F0091E5C9 /* object.frag */ = {isa = PBXFileReference; lastKnownFileType = sourcecode.glsl; path = object.frag; sourceTree = "<group>"; };
		E1E6E3652654D6E1005176A6 /* WindowClass.cpp */ = {isa = PBXFileReference; lastKnownFileType = sourcecode.cpp.cpp; path = WindowClass.cpp; sourceTree = "<group>"; };
		E1E6E3662654D6E1005176A6 /* WindowClass.hpp */ = {isa = PBXFileReference; lastKnownFileType = sourcecode.cpp.h; path = WindowClass.hpp; sourceTree = "<group>"; };
/* End PBXFileReference section */

/* Begin PBXFrameworksBuildPhase section */
		E17F973B260FCADD008B5BBB /* Frameworks */ = {
			isa = PBXFrameworksBuildPhase;
			buildActionMask = 2147483647;
			files = (
			);
			runOnlyForDeploymentPostprocessing = 0;
		};
/* End PBXFrameworksBuildPhase section */

/* Begin PBXGroup section */
		E17F9735260FCADD008B5BBB = {
			isa = PBXGroup;
			children = (
				E1CA6DCA265E1A6200D69862 /* .gitignore */,
				E17F9740260FCADD008B5BBB /* OpenGL_Labyrinth */,
				E17F973F260FCADD008B5BBB /* Products */,
			);
			sourceTree = "<group>";
		};
		E17F973F260FCADD008B5BBB /* Products */ = {
			isa = PBXGroup;
			children = (
				E17F973E260FCADD008B5BBB /* OpenGL_Labyrinth */,
			);
			name = Products;
			sourceTree = "<group>";
		};
		E17F9740260FCADD008B5BBB /* OpenGL_Labyrinth */ = {
			isa = PBXGroup;
			children = (
				E1D3277E261ECCE100CCB9A3 /* macro.h */,
				E120DDDA2654D04200D95D38 /* defineStruct.h */,
				E17F9741260FCADD008B5BBB /* main.cpp */,
				E181218B2655B6CE003D2444 /* Frame.cpp */,
				E181218C2655B6CE003D2444 /* Frame.hpp */,
				E1E6E3652654D6E1005176A6 /* WindowClass.cpp */,
				E1E6E3662654D6E1005176A6 /* WindowClass.hpp */,
				E120DDEB2654D3A900D95D38 /* ShaderLoadFuncs.cpp */,
				E120DDEC2654D3A900D95D38 /* ShaderLoadFuncs.hpp */,
				E120DDDB2654D06400D95D38 /* GameScemeClass.cpp */,
				E120DDDC2654D06400D95D38 /* GameScemeClass.hpp */,
				E120DDDF2654D09E00D95D38 /* Object.cpp */,
				E120DDE02654D09E00D95D38 /* Object.hpp */,
				E120DDE32654D29A00D95D38 /* Texture.cpp */,
				E120DDE42654D29A00D95D38 /* Texture.hpp */,
				E1D32780261EE38F00CCB9A3 /* advVS.vert */,
				E1D32781261EE40700CCB9A3 /* advFS.frag */,
				E17F974B260FCE58008B5BBB /* point.vert */,
				E17F974C260FCE58008B5BBB /* point.frag */,
				E1E197702664CA010091E5C9 /* object.vert */,
				E1E197722664D00F0091E5C9 /* object.frag */,
				E1769F6026186F1F00158A6E /* floor.bmp */,
				E12FED35261A80E90002FFAB /* adv.bmp */,
				E147A6C7262139C700484FA2 /* adv1.bmp */,
				E147A6C8262139C700484FA2 /* adv2.bmp */,
				E147A6C9262139C700484FA2 /* adv3.bmp */,
				E1BD845A26528827006A72F0 /* adv4.bmp */,
				E1BD845B26528827006A72F0 /* adv5.bmp */,
				E120DDD62654CB4A00D95D38 /* adv6.bmp */,
				E120DDD82654CB4A00D95D38 /* adv7.bmp */,
				E120DDD72654CB4A00D95D38 /* adv8.bmp */,
				E12FED36261A80E90002FFAB /* nekoc32.bmp */,
			);
			path = OpenGL_Labyrinth;
			sourceTree = "<group>";
		};
/* End PBXGroup section */

/* Begin PBXNativeTarget section */
		E17F973D260FCADD008B5BBB /* OpenGL_Labyrinth */ = {
			isa = PBXNativeTarget;
			buildConfigurationList = E17F9745260FCADD008B5BBB /* Build configuration list for PBXNativeTarget "OpenGL_Labyrinth" */;
			buildPhases = (
				E17F973A260FCADD008B5BBB /* Sources */,
				E17F973B260FCADD008B5BBB /* Frameworks */,
				E17F973C260FCADD008B5BBB /* CopyFiles */,
			);
			buildRules = (
			);
			dependencies = (
			);
			name = OpenGL_Labyrinth;
			productName = OpenGL_tameshi;
			productReference = E17F973E260FCADD008B5BBB /* OpenGL_Labyrinth */;
			productType = "com.apple.product-type.tool";
		};
/* End PBXNativeTarget section */

/* Begin PBXProject section */
		E17F9736260FCADD008B5BBB /* Project object */ = {
			isa = PBXProject;
			attributes = {
				LastUpgradeCheck = 1240;
				TargetAttributes = {
					E17F973D260FCADD008B5BBB = {
						CreatedOnToolsVersion = 12.4;
					};
				};
			};
			buildConfigurationList = E17F9739260FCADD008B5BBB /* Build configuration list for PBXProject "OpenGL_Labyrinth" */;
			compatibilityVersion = "Xcode 9.3";
			developmentRegion = en;
			hasScannedForEncodings = 0;
			knownRegions = (
				en,
				Base,
			);
			mainGroup = E17F9735260FCADD008B5BBB;
			productRefGroup = E17F973F260FCADD008B5BBB /* Products */;
			projectDirPath = "";
			projectRoot = "";
			targets = (
				E17F973D260FCADD008B5BBB /* OpenGL_Labyrinth */,
			);
		};
/* End PBXProject section */

/* Begin PBXSourcesBuildPhase section */
		E17F973A260FCADD008B5BBB /* Sources */ = {
			isa = PBXSourcesBuildPhase;
			buildActionMask = 2147483647;
			files = (
				E120DDE52654D29A00D95D38 /* Texture.cpp in Sources */,
				E1E6E3672654D6E1005176A6 /* WindowClass.cpp in Sources */,
				E120DDED2654D3A900D95D38 /* ShaderLoadFuncs.cpp in Sources */,
				E120DDDD2654D06400D95D38 /* GameScemeClass.cpp in Sources */,
				E181218D2655B6CE003D2444 /* Frame.cpp in Sources */,
				E17F9742260FCADD008B5BBB /* main.cpp in Sources */,
				E120DDE12654D09E00D95D38 /* Object.cpp in Sources */,
			);
			runOnlyForDeploymentPostprocessing = 0;
		};
/* End PBXSourcesBuildPhase section */

/* Begin XCBuildConfiguration section */
		E17F9743260FCADD008B5BBB /* Debug */ = {
			isa = XCBuildConfiguration;
			buildSettings = {
				ALWAYS_SEARCH_USER_PATHS = NO;
				CLANG_ANALYZER_NONNULL = YES;
				CLANG_ANALYZER_NUMBER_OBJECT_CONVERSION = YES_AGGRESSIVE;
				CLANG_CXX_LANGUAGE_STANDARD = "c++0x";
				CLANG_CXX_LIBRARY = "libc++";
				CLANG_ENABLE_MODULES = YES;
				CLANG_ENABLE_OBJC_ARC = YES;
				CLANG_ENABLE_OBJC_WEAK = YES;
				CLANG_WARN_BLOCK_CAPTURE_AUTORELEASING = YES;
				CLANG_WARN_BOOL_CONVERSION = YES;
				CLANG_WARN_COMMA = YES;
				CLANG_WARN_CONSTANT_CONVERSION = YES;
				CLANG_WARN_DEPRECATED_OBJC_IMPLEMENTATIONS = YES;
				CLANG_WARN_DIRECT_OBJC_ISA_USAGE = YES_ERROR;
				CLANG_WARN_DOCUMENTATION_COMMENTS = YES;
				CLANG_WARN_EMPTY_BODY = YES;
				CLANG_WARN_ENUM_CONVERSION = YES;
				CLANG_WARN_INFINITE_RECURSION = YES;
				CLANG_WARN_INT_CONVERSION = YES;
				CLANG_WARN_NON_LITERAL_NULL_CONVERSION = YES;
				CLANG_WARN_OBJC_IMPLICIT_RETAIN_SELF = YES;
				CLANG_WARN_OBJC_LITERAL_CONVERSION = YES;
				CLANG_WARN_OBJC_ROOT_CLASS = YES_ERROR;
				CLANG_WARN_QUOTED_INCLUDE_IN_FRAMEWORK_HEADER = YES;
				CLANG_WARN_RANGE_LOOP_ANALYSIS = YES;
				CLANG_WARN_STRICT_PROTOTYPES = YES;
				CLANG_WARN_SUSPICIOUS_MOVE = YES;
				CLANG_WARN_UNGUARDED_AVAILABILITY = YES_AGGRESSIVE;
				CLANG_WARN_UNREACHABLE_CODE = YES;
				CLANG_WARN__DUPLICATE_METHOD_MATCH = YES;
				COPY_PHASE_STRIP = NO;
				DEBUG_INFORMATION_FORMAT = dwarf;
				ENABLE_STRICT_OBJC_MSGSEND = YES;
				ENABLE_TESTABILITY = YES;
				GCC_C_LANGUAGE_STANDARD = gnu11;
				GCC_DYNAMIC_NO_PIC = NO;
				GCC_NO_COMMON_BLOCKS = YES;
				GCC_OPTIMIZATION_LEVEL = 0;
				GCC_PREPROCESSOR_DEFINITIONS = (
					"DEBUG=1",
					"$(inherited)",
				);
				GCC_WARN_64_TO_32_BIT_CONVERSION = YES;
				GCC_WARN_ABOUT_RETURN_TYPE = YES_ERROR;
				GCC_WARN_UNDECLARED_SELECTOR = YES;
				GCC_WARN_UNINITIALIZED_AUTOS = YES_AGGRESSIVE;
				GCC_WARN_UNUSED_FUNCTION = YES;
				GCC_WARN_UNUSED_VARIABLE = YES;
				MACOSX_DEPLOYMENT_TARGET = 10.15;
				MTL_ENABLE_DEBUG_INFO = INCLUDE_SOURCE;
				MTL_FAST_MATH = YES;
				ONLY_ACTIVE_ARCH = YES;
				SDKROOT = macosx;
			};
			name = Debug;
		};
		E17F9744260FCADD008B5BBB /* Release */ = {
			isa = XCBuildConfiguration;
			buildSettings = {
				ALWAYS_SEARCH_USER_PATHS = NO;
				CLANG_ANALYZER_NONNULL = YES;
				CLANG_ANALYZER_NUMBER_OBJECT_CONVERSION = YES_AGGRESSIVE;
				CLANG_CXX_LANGUAGE_STANDARD = "c++0x";
				CLANG_CXX_LIBRARY = "libc++";
				CLANG_ENABLE_MODULES = YES;
				CLANG_ENABLE_OBJC_ARC = YES;
				CLANG_ENABLE_OBJC_WEAK = YES;
				CLANG_WARN_BLOCK_CAPTURE_AUTORELEASING = YES;
				CLANG_WARN_BOOL_CONVERSION = YES;
				CLANG_WARN_COMMA = YES;
				CLANG_WARN_CONSTANT_CONVERSION = YES;
				CLANG_WARN_DEPRECATED_OBJC_IMPLEMENTATIONS = YES;
				CLANG_WARN_DIRECT_OBJC_ISA_USAGE = YES_ERROR;
				CLANG_WARN_DOCUMENTATION_COMMENTS = YES;
				CLANG_WARN_EMPTY_BODY = YES;
				CLANG_WARN_ENUM_CONVERSION = YES;
				CLANG_WARN_INFINITE_RECURSION = YES;
				CLANG_WARN_INT_CONVERSION = YES;
				CLANG_WARN_NON_LITERAL_NULL_CONVERSION = YES;
				CLANG_WARN_OBJC_IMPLICIT_RETAIN_SELF = YES;
				CLANG_WARN_OBJC_LITERAL_CONVERSION = YES;
				CLANG_WARN_OBJC_ROOT_CLASS = YES_ERROR;
				CLANG_WARN_QUOTED_INCLUDE_IN_FRAMEWORK_HEADER = YES;
				CLANG_WARN_RANGE_LOOP_ANALYSIS = YES;
				CLANG_WARN_STRICT_PROTOTYPES = YES;
				CLANG_WARN_SUSPICIOUS_MOVE = YES;
				CLANG_WARN_UNGUARDED_AVAILABILITY = YES_AGGRESSIVE;
				CLANG_WARN_UNREACHABLE_CODE = YES;
				CLANG_WARN__DUPLICATE_METHOD_MATCH = YES;
				COPY_PHASE_STRIP = NO;
				DEBUG_INFORMATION_FORMAT = "dwarf-with-dsym";
				ENABLE_NS_ASSERTIONS = NO;
				ENABLE_STRICT_OBJC_MSGSEND = YES;
				GCC_C_LANGUAGE_STANDARD = gnu11;
				GCC_NO_COMMON_BLOCKS = YES;
				GCC_WARN_64_TO_32_BIT_CONVERSION = YES;
				GCC_WARN_ABOUT_RETURN_TYPE = YES_ERROR;
				GCC_WARN_UNDECLARED_SELECTOR = YES;
				GCC_WARN_UNINITIALIZED_AUTOS = YES_AGGRESSIVE;
				GCC_WARN_UNUSED_FUNCTION = YES;
				GCC_WARN_UNUSED_VARIABLE = YES;
				MACOSX_DEPLOYMENT_TARGET = 10.15;
				MTL_ENABLE_DEBUG_INFO = NO;
				MTL_FAST_MATH = YES;
				SDKROOT = macosx;
			};
			name = Release;
		};
		E17F9746260FCADD008B5BBB /* Debug */ = {
			isa = XCBuildConfiguration;
			buildSettings = {
				CODE_SIGN_STYLE = Automatic;
				HEADER_SEARCH_PATHS = /usr/local/include;
				LIBRARY_SEARCH_PATHS = /usr/local/lib;
				OTHER_LDFLAGS = (
					"-lglfw3",
					"-lGLEW",
					"-framework",
					OpenGL,
					"-framework",
					CoreVideo,
					"-framework",
					IOKit,
					"-framework",
					Cocoa,
				);
				PRODUCT_NAME = "$(TARGET_NAME)";
			};
			name = Debug;
		};
		E17F9747260FCADD008B5BBB /* Release */ = {
			isa = XCBuildConfiguration;
			buildSettings = {
				CODE_SIGN_STYLE = Automatic;
				HEADER_SEARCH_PATHS = /usr/local/include;
				LIBRARY_SEARCH_PATHS = /usr/local/lib;
				OTHER_LDFLAGS = (
					"-lglfw3",
					"-lGLEW",
					"-framework",
					OpenGL,
					"-framework",
					CoreVideo,
					"-framework",
					IOKit,
					"-framework",
					Cocoa,
				);
				PRODUCT_NAME = "$(TARGET_NAME)";
			};
			name = Release;
		};
/* End XCBuildConfiguration section */

/* Begin XCConfigurationList section */
		E17F9739260FCADD008B5BBB /* Build configuration list for PBXProject "OpenGL_Labyrinth" */ = {
			isa = XCConfigurationList;
			buildConfigurations = (
				E17F9743260FCADD008B5BBB /* Debug */,
				E17F9744260FCADD008B5BBB /* Release */,
			);
			defaultConfigurationIsVisible = 0;
			defaultConfigurationName = Release;
		};
		E17F9745260FCADD008B5BBB /* Build configuration list for PBXNativeTarget "OpenGL_Labyrinth" */ = {
			isa = XCConfigurationList;
			buildConfigurations = (
				E17F9746260FCADD008B5BBB /* Debug */,
				E17F9747260FCADD008B5BBB /* Release */,
			);
			defaultConfigurationIsVisible = 0;
			defaultConfigurationName = Release;
		};
/* End XCConfigurationList section */
	};
	rootObject = E17F9736260FCADD008B5BBB /* Project object */;
}
